{
  "requires": true,
  "lockfileVersion": 1,
  "dependencies": {
    "vue-router": {
      "version": "3.1.5",
      "resolved": "https://registry.npmjs.org/vue-router/-/vue-router-3.1.5.tgz",
      "integrity": "sha512-BszkPvhl7I9h334GjckCh7sVFyjTPMMJFJ4Bsrem/Ik+B/9gt5tgrk8k4gGLO4ZpdvciVdg7O41gW4DisQWurg=="
    }
  }
}
